
Microsoft Visual Studio Solution File, Format Version 12.00
# Visual Studio Version 16
VisualStudioVersion = 16.0.29424.173
MinimumVisualStudioVersion = 10.0.40219.1
Project("{FAE04EC0-301F-11D3-BF4B-00C04F79EFBC}") = "SerialPortConnector", "SerialPortConnector\SerialPortConnector.csproj", "{B60009D5-E50B-4059-AC1C-C07CB8FDBCA3}"
EndProject
Project("{FAE04EC0-301F-11D3-BF4B-00C04F79EFBC}") = "KnotBackgroundService", "KnotBackgroundService\KnotBackgroundService.csproj", "{D80B8327-D62D-412B-8099-497EB6837279}"
EndProject
Global
	GlobalSection(SolutionConfigurationPlatforms) = preSolution
		Debug|Any CPU = Debug|Any CPU
		Release|Any CPU = Release|Any CPU
	EndGlobalSection
	GlobalSection(ProjectConfigurationPlatforms) = postSolution
		{B60009D5-E50B-4059-AC1C-C07CB8FDBCA3}.Debug|Any CPU.ActiveCfg = Debug|Any CPU
		{B60009D5-E50B-4059-AC1C-C07CB8FDBCA3}.Debug|Any CPU.Build.0 = Debug|Any CPU
		{B60009D5-E50B-4059-AC1C-C07CB8FDBCA3}.Release|Any CPU.ActiveCfg = Release|Any CPU
		{B60009D5-E50B-4059-AC1C-C07CB8FDBCA3}.Release|Any CPU.Build.0 = Release|Any CPU
		{D80B8327-D62D-412B-8099-497EB6837279}.Debug|Any CPU.ActiveCfg = Debug|Any CPU
		{D80B8327-D62D-412B-8099-497EB6837279}.Debug|Any CPU.Build.0 = Debug|Any CPU
		{D80B8327-D62D-412B-8099-497EB6837279}.Release|Any CPU.ActiveCfg = Release|Any CPU
		{D80B8327-D62D-412B-8099-497EB6837279}.Release|Any CPU.Build.0 = Release|Any CPU
	EndGlobalSection
	GlobalSection(SolutionProperties) = preSolution
		HideSolutionNode = FALSE
	EndGlobalSection
	GlobalSection(ExtensibilityGlobals) = postSolution
		SolutionGuid = {46248A23-8936-438C-A917-7A0033AA048B}
	EndGlobalSection
EndGlobal
